{
  "version": "2",
  "remote": {
    "https://cdn.deno.land/mimetypes/versions/v1.0.0/raw/mod.ts": "abd1ea614b32cfa7fd50b46f6e070617696664698b8a34935dc807f3035ad408",
    "https://cdn.deno.land/mimetypes/versions/v1.0.0/raw/src/mime.ts": "7cd7590eae6127dc1abfe710900fc749e94d5c715ffe8a148e59fe20ee21a9a5",
    "https://cdn.deno.land/url_parse/versions/1.0.0/raw/mod.ts": "f27f0d045343a4aff05c7560e285aa3f42e23096bfe0211dc549345f9a5feb94",
    "https://deno.land/std@0.110.0/_util/assert.ts": "2f868145a042a11d5ad0a3c748dcf580add8a0dbc0e876eaa0026303a5488f58",
    "https://deno.land/std@0.110.0/_util/os.ts": "dfb186cc4e968c770ab6cc3288bd65f4871be03b93beecae57d657232ecffcac",
    "https://deno.land/std@0.110.0/async/deadline.ts": "1d6ac7aeaee22f75eb86e4e105d6161118aad7b41ae2dd14f4cfd3bf97472b93",
    "https://deno.land/std@0.110.0/async/debounce.ts": "b2f693e4baa16b62793fd618de6c003b63228db50ecfe3bd51fc5f6dc0bc264b",
    "https://deno.land/std@0.110.0/async/deferred.ts": "ab60d46ba561abb3b13c0c8085d05797a384b9f182935f051dc67136817acdee",
    "https://deno.land/std@0.110.0/async/delay.ts": "db68b7c22518ea9805be110cdc914017d741894d2bececf4d78607fd2f0548e7",
    "https://deno.land/std@0.110.0/async/mod.ts": "78425176fabea7bd1046ce3819fd69ce40da85c83e0f174d17e8e224a91f7d10",
    "https://deno.land/std@0.110.0/async/mux_async_iterator.ts": "62abff3af9ff619e8f2adc96fc70d4ca020fa48a50c23c13f12d02ed2b760dbe",
    "https://deno.land/std@0.110.0/async/pool.ts": "353ce4f91865da203a097aa6f33de8966340c91b6f4a055611c8c5d534afd12f",
    "https://deno.land/std@0.110.0/async/tee.ts": "63811ea47268825db2b15e973dc5c37bab37b749ffa00d2b7bbb6c6f568412cb",
    "https://deno.land/std@0.110.0/bytes/bytes_list.ts": "3bff6a09c72b2e0b1e92e29bd3b135053894196cca07a2bba842901073efe5cb",
    "https://deno.land/std@0.110.0/bytes/mod.ts": "440684e07e8f57a19a43b34d57eb63af0b36fc92b6657b6dcdbf9d5612d62e29",
    "https://deno.land/std@0.110.0/encoding/base64.ts": "eecae390f1f1d1cae6f6c6d732ede5276bf4b9cd29b1d281678c054dc5cc009e",
    "https://deno.land/std@0.110.0/encoding/hex.ts": "5bc7df19af498c315cdaba69e2fce1b2aef5fc57344e8c21c08991aa8505a260",
    "https://deno.land/std@0.110.0/fmt/colors.ts": "8368ddf2d48dfe413ffd04cdbb7ae6a1009cf0dccc9c7ff1d76259d9c61a0621",
    "https://deno.land/std@0.110.0/io/buffer.ts": "3ead6bb11276ebcf093c403f74f67fd2205a515dbbb9061862c468ca56f37cd8",
    "https://deno.land/std@0.110.0/io/bufio.ts": "988237679157f1331a1e81afeac42f8364ab8dc583380d67db7e4cbad3e22e81",
    "https://deno.land/std@0.110.0/io/types.d.ts": "89a27569399d380246ca7cdd9e14d5e68459f11fb6110790cc5ecbd4ee7f3215",
    "https://deno.land/std@0.110.0/io/util.ts": "85c33d61b20fd706acc094fe80d4c8ae618b04abcf3a96ca2b47071842c1c8ac",
    "https://deno.land/std@0.110.0/node/_errors.ts": "74d1e7c7aad0f4a04df20be1f25f8a0a1d39483a75daabefa2cb285b0090e6e5",
    "https://deno.land/std@0.110.0/node/_stream/async_iterator.ts": "f5e8e4cf7e823364740a9db1cf492f571a4c7c7cbc4c9f65cb505db439eecca1",
    "https://deno.land/std@0.110.0/node/_stream/buffer_list.ts": "93526777ba6436a5e73590b7878506ad4dbe99e6cb041d15cf748b2df28596d1",
    "https://deno.land/std@0.110.0/node/_stream/destroy.ts": "c6248bab9e1c85693716867a48cb881c6df6d6111c698d7b9301eda571e54347",
    "https://deno.land/std@0.110.0/node/_stream/duplex.ts": "c0a6ce0a286ccd2c37cca217c356316007b799b803865b20a3c75559a6e933ad",
    "https://deno.land/std@0.110.0/node/_stream/duplex_internal.ts": "61c6dd6712472ca70019ad207455df2ab5524248ba3c5325ccc78473fe0b2795",
    "https://deno.land/std@0.110.0/node/_stream/end_of_stream.ts": "5bd4d24e1b418062be8fdf569b6407b89f7cedec6644b4865bf46dcf4ee72976",
    "https://deno.land/std@0.110.0/node/_stream/from.ts": "d1c041b3788ec2cb28ea4949036dc7b1af11e900dd6181b1150d7c0ed10e7f57",
    "https://deno.land/std@0.110.0/node/_stream/passthrough.ts": "361145fcdd270f00b162565c7e12078ef1f48b1c96ce7954998a985b926322ba",
    "https://deno.land/std@0.110.0/node/_stream/pipeline.ts": "76624903a47d2bca6f30d4af246aca65396b63a1642894f44e6d227c184dae86",
    "https://deno.land/std@0.110.0/node/_stream/promises.ts": "71d77087c158c2c3b84ddc0a4a4d70f810f6767b55195374303fa271f224cee9",
    "https://deno.land/std@0.110.0/node/_stream/readable.ts": "770ff73f2c767d0098769831a3ee6e77562a32d82ff5420950323d664d0bcc46",
    "https://deno.land/std@0.110.0/node/_stream/readable_internal.ts": "126d3f2067900459465db73bf16c5d9ddb48c37d0fba03f8f69d7f274d0dbc89",
    "https://deno.land/std@0.110.0/node/_stream/stream.ts": "a630a4163777a68190de1f3903901e84260d7cfd9fe861c9398867745c333bf7",
    "https://deno.land/std@0.110.0/node/_stream/symbols.ts": "980ba25e8e05593fd775c51e05e7ccf2af7fe466616f110c107dd96bce302754",
    "https://deno.land/std@0.110.0/node/_stream/transform.ts": "7b7b7fe1506e461412f5f53325da57d8de11dde2990c7e2f8d0d8cb7690262e3",
    "https://deno.land/std@0.110.0/node/_stream/writable.ts": "25ec104069af7abd6bf98ea59c40b14c0427826d979036f42f4358189d1aaeec",
    "https://deno.land/std@0.110.0/node/_stream/writable_internal.ts": "ef00bd654f949c17eb4b1749d1e37e92a93cbc7fc5807b63875d3b94a667c023",
    "https://deno.land/std@0.110.0/node/_util/_util_callbackify.ts": "947aa66d148c10e484c5c5e65ca4041cdd65085d7045fb26d388269a63c4d079",
    "https://deno.land/std@0.110.0/node/_util/_util_promisify.ts": "2ad6efe685f73443d5ed6ae009999789a8de4a0f01e6d2afdf242b4515477ee2",
    "https://deno.land/std@0.110.0/node/_util/_util_types.ts": "ae3d21e07c975f06590ab80bbde8173670d70ff40546267c0c1df869fc2ff00c",
    "https://deno.land/std@0.110.0/node/_utils.ts": "c32d3491e380488728d65ad471698ed0aadff7fe35bde0a26ba4dd8f434ed0e7",
    "https://deno.land/std@0.110.0/node/buffer.ts": "29e7a8849479c9d325a1be899fd79d1289a858afe211ab5a0c78e57f3493dfea",
    "https://deno.land/std@0.110.0/node/child_process.ts": "8206eb492c058bd2f9e60bb20bbe9f8bc51a4e2752fe9fcee7300abf90ff0bbc",
    "https://deno.land/std@0.110.0/node/events.ts": "f92ba300cb0a6efa4ff4d8a267a507ee725858d6a250a2eeb829ec99b21f90b1",
    "https://deno.land/std@0.110.0/node/stream.ts": "a4ed80f73bd94415cc4b27ea6c08000294361165fd97dfdbce6bcb52245eb744",
    "https://deno.land/std@0.110.0/node/string_decoder.ts": "da8586cf9288fa8d83574c409b4eadb0d634b0294fad2b4675df78dfac6ff546",
    "https://deno.land/std@0.110.0/node/util.ts": "23878bd3ee67a52e67cfe5acb78c7ccce9c54735c6d280b069577605e8679935",
    "https://deno.land/std@0.110.0/testing/_diff.ts": "ccd6c3af6e44c74bf1591acb1361995f5f50df64323a6e7fb3f16c8ea792c940",
    "https://deno.land/std@0.110.0/testing/asserts.ts": "6b0d6ba564bdff807bd0f0e93e02c48aa3177acf19416bf84a7f420191ef74cd",
    "https://deno.land/std@0.167.0/_util/asserts.ts": "d0844e9b62510f89ce1f9878b046f6a57bf88f208a10304aab50efcb48365272",
    "https://deno.land/std@0.167.0/bytes/bytes_list.ts": "aba5e2369e77d426b10af1de0dcc4531acecec27f9b9056f4f7bfbf8ac147ab4",
    "https://deno.land/std@0.167.0/bytes/concat.ts": "97a1274e117510ffffc9499c4debb9541e408732bab2e0ca624869ae13103c10",
    "https://deno.land/std@0.167.0/bytes/copy.ts": "d14a58f188a997ee0d2ba696d0c82a42f4fb4b6705e90a4238b77d7644dae24c",
    "https://deno.land/std@0.167.0/dotenv/mod.ts": "9846f28b263c0c793345d74939f69bf34b46446aa2450e070c10a2140064165a",
    "https://deno.land/std@0.167.0/dotenv/util.ts": "6cc392f087577a26a27f0463f77cc0c31a390aa055917099935b36eb2454592d",
    "https://deno.land/std@0.167.0/flags/mod.ts": "4f50ec6383c02684db35de38b3ffb2cd5b9fcfcc0b1147055d1980c49e82521c",
    "https://deno.land/std@0.167.0/fmt/colors.ts": "03ad95e543d2808bc43c17a3dd29d25b43d0f16287fe562a0be89bf632454a12",
    "https://deno.land/std@0.167.0/fs/exists.ts": "6a447912e49eb79cc640adacfbf4b0baf8e17ede6d5bed057062ce33c4fa0d68",
    "https://deno.land/std@0.167.0/io/buffer.ts": "9d6f555ded12960bd5a44f57291a82270cca0a77bde6cadd1384a03a86bf876a",
    "https://deno.land/std@0.167.0/io/types.d.ts": "790d3a3fa6b7f298d4cfbcf8bfd9d4be595c1b1acaa3eebb3009177df98bf93c",
    "https://deno.land/std@0.167.0/log/handlers.ts": "f0a9ac3892d46381982db388b8bde4e487eca290be04ec77321edf0ada8575d3",
    "https://deno.land/std@0.167.0/log/levels.ts": "3043c0bf69b1de718488feb6e0ded2d64f6aef362fe73f762b506f32b1029ea2",
    "https://deno.land/std@0.167.0/log/logger.ts": "83fb231064a38736fbfd078fe6624e21ed2537733de7baa1cdd749b8c3c9d991",
    "https://deno.land/std@0.167.0/log/mod.ts": "6ff372a706ecef125a9fd455931ae00741d6408562c84cf2fbdc35a2c2a840af",
    "https://deno.land/std@0.92.0/_util/assert.ts": "2f868145a042a11d5ad0a3c748dcf580add8a0dbc0e876eaa0026303a5488f58",
    "https://deno.land/std@0.92.0/_util/os.ts": "e282950a0eaa96760c0cf11e7463e66babd15ec9157d4c9ed49cc0925686f6a7",
    "https://deno.land/std@0.92.0/bytes/mod.ts": "1ae1ccfe98c4b979f12b015982c7444f81fcb921bea7aa215bf37d84f46e1e13",
    "https://deno.land/std@0.92.0/encoding/csv.ts": "e01be5287e7aa9c6ff0caf9acf1bc19b8040ef539bfad9089cc366a94e64780d",
    "https://deno.land/std@0.92.0/encoding/csv_stringify.ts": "f9fe4889f1b2987c8640b4695d2d8836a978d034708ca90a850d3ec6b800d9ba",
    "https://deno.land/std@0.92.0/fs/_util.ts": "f2ce811350236ea8c28450ed822a5f42a0892316515b1cd61321dec13569c56b",
    "https://deno.land/std@0.92.0/fs/copy.ts": "acc21e2569c92e715be48f40665a299cb995a4dce04145c3dd624791b885114c",
    "https://deno.land/std@0.92.0/fs/empty_dir.ts": "2edd70ff6405e1893e781a82aec8c574dfc748a7bb9d9ce8f0abdf002cdbba3f",
    "https://deno.land/std@0.92.0/fs/ensure_dir.ts": "f21262e788a707aaa2dd22064da7cd40e3b2f0f067e9b2aed1b288091170cc05",
    "https://deno.land/std@0.92.0/fs/ensure_file.ts": "84c7cff81ecedef3969e3fcd2d0c2aecd9bafea246cd18847deba7a54126134f",
    "https://deno.land/std@0.92.0/fs/ensure_link.ts": "e48abe5bf639389ee6f42bb8bdd8b7b2a4c93701cd618b12cdcad83ccea44f2e",
    "https://deno.land/std@0.92.0/fs/ensure_symlink.ts": "cbb2c908135808c0545c6304046b6ab5c024b0bb1832e69c819b58d9feee66ef",
    "https://deno.land/std@0.92.0/fs/eol.ts": "afaebaaac36f48c423b920c836551997715672b80a0fee9aa7667c181a94f2df",
    "https://deno.land/std@0.92.0/fs/exists.ts": "b0d2e31654819cc2a8d37df45d6b14686c0cc1d802e9ff09e902a63e98b85a00",
    "https://deno.land/std@0.92.0/fs/expand_glob.ts": "b5a8fcadf40eb7b034a1f807349cbace0ddb28c4e5a6b6aaf2d8ca925ba02f9f",
    "https://deno.land/std@0.92.0/fs/mod.ts": "26eee4b52a8c516e37d464094b080ff6822883e7f01ff0ba0a72b8dcd54b9927",
    "https://deno.land/std@0.92.0/fs/move.ts": "36697916a5cf2ebc7d298089a9a3ccc6b3af1eaecc173e57a9f5eb10f1f04221",
    "https://deno.land/std@0.92.0/fs/walk.ts": "8d37f2164a7397668842a7cb5d53b9e7bcd216462623b1b96abe519f76d7f8b9",
    "https://deno.land/std@0.92.0/io/buffer.ts": "2a92f02c1d8daaebaf13e5678ea5969c89f4fab533f687b9e7e86f49f11c3118",
    "https://deno.land/std@0.92.0/io/bufio.ts": "4053ea5d978479be68ae4d73424045a59c6b7a6e8f66727e4bfde516baa07126",
    "https://deno.land/std@0.92.0/io/readers.ts": "17403919724fef2f343c88555606368868a5c752a1099ad801f6a381c170f62d",
    "https://deno.land/std@0.92.0/io/util.ts": "03ca10e063afce551c501505c607ec336a40b9cb72363f5508e2a9ac81096bbf",
    "https://deno.land/std@0.92.0/path/_constants.ts": "1247fee4a79b70c89f23499691ef169b41b6ccf01887a0abd131009c5581b853",
    "https://deno.land/std@0.92.0/path/_interface.ts": "1fa73b02aaa24867e481a48492b44f2598cd9dfa513c7b34001437007d3642e4",
    "https://deno.land/std@0.92.0/path/_util.ts": "2e06a3b9e79beaf62687196bd4b60a4c391d862cfa007a20fc3a39f778ba073b",
    "https://deno.land/std@0.92.0/path/common.ts": "eaf03d08b569e8a87e674e4e265e099f237472b6fd135b3cbeae5827035ea14a",
    "https://deno.land/std@0.92.0/path/glob.ts": "4a524c1c9da3e79a9fdabdc6e850cd9e41bdf31e442856ffa19c5b123268ca95",
    "https://deno.land/std@0.92.0/path/mod.ts": "4465dc494f271b02569edbb4a18d727063b5dbd6ed84283ff906260970a15d12",
    "https://deno.land/std@0.92.0/path/posix.ts": "f56c3c99feb47f30a40ce9d252ef6f00296fa7c0fcb6dd81211bdb3b8b99ca3b",
    "https://deno.land/std@0.92.0/path/separator.ts": "8fdcf289b1b76fd726a508f57d3370ca029ae6976fcde5044007f062e643ff1c",
    "https://deno.land/std@0.92.0/path/win32.ts": "77f7b3604e0de40f3a7c698e8a79e7f601dc187035a1c21cb1e596666ce112f8",
    "https://deno.land/std@0.92.0/textproto/mod.ts": "1c89b39a079dd158893ab2e9ff79391c66049433d6ca82da7d64b32280570d51",
    "https://deno.land/x/deno_cron@v1.0.0/cron.ts": "7f984d0c4c7ac4fb1ad3cd241d457e7808a9362735d910abb02dc689883ee3ef",
    "https://deno.land/x/flat@0.0.15/mod.ts": "02f929b6f2b5caab86dc689eb2937565189432b6b6f22bcd8c05b26c80c7f645",
    "https://deno.land/x/flat@0.0.15/src/csv.ts": "7b14709fd91a1e0d9153e6ea183df686ca5a6c9b79da317d15cb3efd50fffd9c",
    "https://deno.land/x/flat@0.0.15/src/image.ts": "fab91c85f7c63bdd03a0d0ab64e9aaecc20e3213b3781b67f237eb7a9ab7303c",
    "https://deno.land/x/flat@0.0.15/src/json.ts": "34ad4b9c89e70955da0e76fcb525f75262175da03815e0887faa19a6fc64ee65",
    "https://deno.land/x/flat@0.0.15/src/remove.ts": "8340e9c9566200db969c6efa76430400060d78aa28f35e585c511d2eb5a9768a",
    "https://deno.land/x/flat@0.0.15/src/txt.ts": "cece94e45879ead929131cdaeac023192ef9089ec76a81b7e057a10df3ea7511",
    "https://deno.land/x/flat@0.0.15/src/xlsx.ts": "166776a70109789becffb1d77f88ec85d2ce115759ff0fc578dbfa66db5faf4a",
    "https://deno.land/x/flat@0.0.15/src/zip.ts": "5b8e27106c08751889d627fbbea71bd99f802472c4e9fe9cd9f88dcee9752bd8",
    "https://deno.land/x/retried@1.0.1/lib/retried.ts": "39c96ea907b701963ab4cf037877903b7b262b7166b508911bd207e996131ac1",
    "https://deno.land/x/retried@1.0.1/lib/retryOperation.ts": "fcc0c800876bc17e472ec00fd8336a7f33a72109cabaffd376ca34c748d745ff",
    "https://deno.land/x/retried@1.0.1/mod.ts": "7a67cb9b3edf0696f8ebe2ad3b57d681ddbb39c5c24e06a3631805dea9933105",
    "https://deno.land/x/sheetjs@v0.18.3/dist/cpexcel.full.mjs": "7a7bba23b6b6f23b5c69fbb631f78d1d455f74b57e4aa54e9a2f81a8ab844964",
    "https://deno.land/x/sheetjs@v0.18.3/types/index.d.ts": "c146e03d4e5427a43ffa7ea7f7e40dbce2b936580e24c884eaada77ca4c4c5ed",
    "https://deno.land/x/sheetjs@v0.18.3/xlsx.mjs": "922b8ca90825111d3af3a19098613d53ac4721ac58d05c0ac25fbdf9def2472f",
    "https://deno.land/x/url_join@1.0.0/mod.ts": "d3c7007e3ab15594e54d5b90dce623b3e274a726e0cdf57858e7ecab77a0166c",
    "https://raw.githubusercontent.com/InvasionBiologyHypotheses/enKORE-citation-js-plugin/main/src/api.js": "9cc0ff28f488e1db2bb5039506a5d41268b6daf3a612bab49195939074561f82",
    "https://raw.githubusercontent.com/InvasionBiologyHypotheses/enKORE-citation-js-plugin/main/src/config.json": "57822f0fb33f5ac17da7d062ee11b691214fcf59f8d2675dc6d91f14ed4a17ae",
    "https://raw.githubusercontent.com/InvasionBiologyHypotheses/enKORE-citation-js-plugin/main/src/customProps.json": "12c7b2edc45f1d0864d3baabde488745d7390224594da645d3cc485f65295fdc",
    "https://raw.githubusercontent.com/InvasionBiologyHypotheses/enKORE-citation-js-plugin/main/src/entity.js": "14565d5e86739706151bea01e942c6526b866d83853041b3490cef248d5b466f",
    "https://raw.githubusercontent.com/InvasionBiologyHypotheses/enKORE-citation-js-plugin/main/src/id.js": "9f5a1659936f6a677dfc481c5add398fd70f9b443612196d9257a47925aba57b",
    "https://raw.githubusercontent.com/InvasionBiologyHypotheses/enKORE-citation-js-plugin/main/src/ignoredProps.json": "6f281e9cfe6ff995c1155bbb93f27ed792b9335794a8e884e547edde86663483",
    "https://raw.githubusercontent.com/InvasionBiologyHypotheses/enKORE-citation-js-plugin/main/src/index.js": "a9818bc8ac22764d045f86983c054368b152cc4f1b2342a6fb0e3445cef06502",
    "https://raw.githubusercontent.com/InvasionBiologyHypotheses/enKORE-citation-js-plugin/main/src/prop.js": "f0b1a8bc86a7b34632d267ea062a33962e2eef0eb67ba4438a3ffa1694b04e50",
    "https://raw.githubusercontent.com/InvasionBiologyHypotheses/enKORE-citation-js-plugin/main/src/props.json": "2f9752f672e93ef988d40d1048299f0d56e7afd20c47c6a7cf79f9b4bb008210",
    "https://raw.githubusercontent.com/InvasionBiologyHypotheses/enKORE-citation-js-plugin/main/src/response.js": "e7e3b5a8fa00e927d99dadde3280ac926cd56584bb4777b365f56b068f62b472",
    "https://raw.githubusercontent.com/InvasionBiologyHypotheses/enKORE-citation-js-plugin/main/src/types.json": "a0eff249518107cfaae22c938026f7aef23ff411d2585fc452b5abedafd9a8d0",
    "https://raw.githubusercontent.com/InvasionBiologyHypotheses/enKORE-citation-js-plugin/main/src/url.js": "bf11de4bb3a17025fe824e082cac7f32cfb52b61b432b754d20a77417fad57bd"
  },
  "npm": {
    "specifiers": {
      "@citation-js/core@0.6.1": "@citation-js/core@0.6.1",
      "@citation-js/date@0.5.1": "@citation-js/date@0.5.1",
      "@citation-js/name@0.4.2": "@citation-js/name@0.4.2",
      "just-extend@6.1.1": "just-extend@6.1.1",
      "just-safe-get@4.1.1": "just-safe-get@4.1.1",
      "wikidata-sdk@8.1.0": "wikidata-sdk@8.1.0",
      "xmlbuilder2@3.0.2": "xmlbuilder2@3.0.2"
    },
    "packages": {
      "@citation-js/core@0.6.1": {
        "integrity": "sha512-zvVxsAP4ciVHiZ60TmKTfjui4m6xeISSp/rtIhOcvZxZ70bBfkt83+kGnuI4xRlhB/oUrZN2fC9BSRKdivSobQ==",
        "dependencies": {
          "@citation-js/date": "@citation-js/date@0.5.1",
          "@citation-js/name": "@citation-js/name@0.4.2",
          "fetch-ponyfill": "fetch-ponyfill@7.1.0",
          "sync-fetch": "sync-fetch@0.4.2"
        }
      },
      "@citation-js/date@0.5.1": {
        "integrity": "sha512-1iDKAZ4ie48PVhovsOXQ+C6o55dWJloXqtznnnKy6CltJBQLIuLLuUqa8zlIvma0ZigjVjgDUhnVaNU1MErtZw==",
        "dependencies": {}
      },
      "@citation-js/name@0.4.2": {
        "integrity": "sha512-brSPsjs2fOVzSnARLKu0qncn6suWjHVQtrqSUrnqyaRH95r/Ad4wPF5EsoWr+Dx8HzkCGb/ogmoAzfCsqlTwTQ==",
        "dependencies": {}
      },
      "@oozcitak/dom@1.15.10": {
        "integrity": "sha512-0JT29/LaxVgRcGKvHmSrUTEvZ8BXvZhGl2LASRUgHqDTC1M5g1pLmVv56IYNyt3bG2CUjDkc67wnyZC14pbQrQ==",
        "dependencies": {
          "@oozcitak/infra": "@oozcitak/infra@1.0.8",
          "@oozcitak/url": "@oozcitak/url@1.0.4",
          "@oozcitak/util": "@oozcitak/util@8.3.8"
        }
      },
      "@oozcitak/infra@1.0.8": {
        "integrity": "sha512-JRAUc9VR6IGHOL7OGF+yrvs0LO8SlqGnPAMqyzOuFZPSZSXI7Xf2O9+awQPSMXgIWGtgUf/dA6Hs6X6ySEaWTg==",
        "dependencies": { "@oozcitak/util": "@oozcitak/util@8.3.8" }
      },
      "@oozcitak/url@1.0.4": {
        "integrity": "sha512-kDcD8y+y3FCSOvnBI6HJgl00viO/nGbQoCINmQ0h98OhnGITrWR3bOGfwYCthgcrV8AnTJz8MzslTQbC3SOAmw==",
        "dependencies": {
          "@oozcitak/infra": "@oozcitak/infra@1.0.8",
          "@oozcitak/util": "@oozcitak/util@8.3.8"
        }
      },
      "@oozcitak/util@8.3.8": {
        "integrity": "sha512-T8TbSnGsxo6TDBJx/Sgv/BlVJL3tshxZP7Aq5R1mSnM5OcHY2dQaxLMu2+E8u3gN0MLOzdjurqN4ZRVuzQycOQ==",
        "dependencies": {}
      },
      "@types/node@18.11.11": {
        "integrity": "sha512-KJ021B1nlQUBLopzZmPBVuGU9un7WJd/W4ya7Ih02B4Uwky5Nja0yGYav2EfYIk0RR2Q9oVhf60S2XR1BCWJ2g==",
        "dependencies": {}
      },
      "argparse@1.0.10": {
        "integrity": "sha512-o5Roy6tNG4SL/FOkCAN6RzjiakZS25RLYFrcMttJqbdd8BWrnA+fGz57iN5Pb06pvBGvl5gQ0B48dJlslXvoTg==",
        "dependencies": { "sprintf-js": "sprintf-js@1.0.3" }
      },
      "base64-js@1.5.1": {
        "integrity": "sha512-AKpaYlHn8t4SVbOHCy+b5+KKgvR4vrsD8vbvrbiQJps7fKDTkjkDry6ji0rUJjC0kzbNePLwzxq8iypo41qeWA==",
        "dependencies": {}
      },
      "buffer@5.7.1": {
        "integrity": "sha512-EHcyIPBQ4BSGlvjB16k5KgAJ27CIsHY/2JBmCRReo48y9rQ3MaUzWX3KVlBa4U7MyX02HdVj0K7C3WaB3ju7FQ==",
        "dependencies": {
          "base64-js": "base64-js@1.5.1",
          "ieee754": "ieee754@1.2.1"
        }
      },
      "esprima@4.0.1": {
        "integrity": "sha512-eGuFFw7Upda+g4p+QHvnW0RyTX/SVeJBDM/gCtMARO0cLuT2HcEKnTPvhjV6aGeqrCB/sbNop0Kszm0jsaWU4A==",
        "dependencies": {}
      },
      "fetch-ponyfill@7.1.0": {
        "integrity": "sha512-FhbbL55dj/qdVO3YNK7ZEkshvj3eQ7EuIGV2I6ic/2YiocvyWv+7jg2s4AyS0wdRU75s3tA8ZxI/xPigb0v5Aw==",
        "dependencies": { "node-fetch": "node-fetch@2.6.7" }
      },
      "ieee754@1.2.1": {
        "integrity": "sha512-dcyqhDvX1C46lXZcVqCpK+FtMRQVdIMN6/Df5js2zouUsqG7I6sFxitIC+7KYK29KdXOLHdu9zL4sFnoVQnqaA==",
        "dependencies": {}
      },
      "js-yaml@3.14.0": {
        "integrity": "sha512-/4IbIeHcD9VMHFqDR/gQ7EdZdLimOvW2DdcxFjdyyZ9NsbS+ccrXqVWDtab/lRl5AlUqmpBx8EhPaWR+OtY17A==",
        "dependencies": {
          "argparse": "argparse@1.0.10",
          "esprima": "esprima@4.0.1"
        }
      },
      "just-extend@6.1.1": {
        "integrity": "sha512-1UWaMWIB90HnIZAmXOTLobwWc9lc1ZMUBRKf8PaozCAiNUif6wv1fyeXpqccWZCu7L9zxIgXG55vARuZluyvqw==",
        "dependencies": {}
      },
      "just-safe-get@4.1.1": {
        "integrity": "sha512-Tgnp513ipAnS8oneoirig1V4buSR6aiuflN+BBm133Tz+hs58tad0bat6MkMSCPr2QtCQaHQ6BWC/aadWPGp9g==",
        "dependencies": {}
      },
      "node-fetch@2.6.7": {
        "integrity": "sha512-ZjMPFEfVx5j+y2yF35Kzx5sF7kDzxuDj6ziH4FFbOp87zKDZNx8yExJIb05OGF4Nlt9IHFIMBkRl41VdvcNdbQ==",
        "dependencies": { "whatwg-url": "whatwg-url@5.0.0" }
      },
      "sprintf-js@1.0.3": {
        "integrity": "sha512-D9cPgkvLlV3t3IzL0D0YLvGA9Ahk4PcvVwUbN0dSGr1aP0Nrt4AEnTUbuGvquEC0mA64Gqt1fzirlRs5ibXx8g==",
        "dependencies": {}
      },
      "sync-fetch@0.4.2": {
        "integrity": "sha512-vilDD6yTGwyUjm7/W5WUUOCw1GH1aV591zC21XhbV6MJNZqfZcNMs9DVPHzy1UAmQ2GAg6S03F5TQ3paegKSdg==",
        "dependencies": {
          "buffer": "buffer@5.7.1",
          "node-fetch": "node-fetch@2.6.7"
        }
      },
      "tr46@0.0.3": {
        "integrity": "sha512-N3WMsuqV66lT30CrXNbEjx4GEwlow3v6rr4mCcv6prnfwhS01rkgyFdjPNBYd9br7LpXV1+Emh01fHnq2Gdgrw==",
        "dependencies": {}
      },
      "webidl-conversions@3.0.1": {
        "integrity": "sha512-2JAn3z8AR6rjK8Sm8orRC0h/bcl/DqL7tRPdGZ4I1CjdF+EaMLmYxBHyXuKL849eucPFhvBoxMsflfOb8kxaeQ==",
        "dependencies": {}
      },
      "whatwg-url@5.0.0": {
        "integrity": "sha512-saE57nupxk6v3HY35+jzBwYa0rKSy0XR8JSxZPwgLr7ys0IBzhGviA1/TUGJLmSVqs8pb9AnvICXEuOHLprYTw==",
        "dependencies": {
          "tr46": "tr46@0.0.3",
          "webidl-conversions": "webidl-conversions@3.0.1"
        }
      },
      "wikibase-sdk@8.1.0": {
        "integrity": "sha512-aDKqAzFM+D6MQ7dSL4O6NQ0EmWGC/K7/Ngby9mBXCfAyxTzF+50y/qqio+UC5Rlm4CeE49ON894A+abjthWNcw==",
        "dependencies": {}
      },
      "wikidata-sdk@8.1.0": {
        "integrity": "sha512-8v0dnY56JDRUd8YMrvSQeMjWJW5I2a2FVhm7h9Y0P9J11HrB3/utMAKaBwGOPPEMwsyjVZUvAskByepTtNvH3g==",
        "dependencies": { "wikibase-sdk": "wikibase-sdk@8.1.0" }
      },
      "xmlbuilder2@3.0.2": {
        "integrity": "sha512-h4MUawGY21CTdhV4xm3DG9dgsqyhDkZvVJBx88beqX8wJs3VgyGQgAn5VreHuae6unTQxh115aMK5InCVmOIKw==",
        "dependencies": {
          "@oozcitak/dom": "@oozcitak/dom@1.15.10",
          "@oozcitak/infra": "@oozcitak/infra@1.0.8",
          "@oozcitak/util": "@oozcitak/util@8.3.8",
          "@types/node": "@types/node@18.11.11",
          "js-yaml": "js-yaml@3.14.0"
        }
      }
    }
  }
}
