{
  "version": "2",
  "remote": {
    "https://cdn.deno.land/mimetypes/versions/v1.0.0/raw/mod.ts": "abd1ea614b32cfa7fd50b46f6e070617696664698b8a34935dc807f3035ad408",
    "https://cdn.deno.land/mimetypes/versions/v1.0.0/raw/src/mime.ts": "7cd7590eae6127dc1abfe710900fc749e94d5c715ffe8a148e59fe20ee21a9a5",
    "https://cdn.deno.land/url_parse/versions/1.0.0/raw/mod.ts": "f27f0d045343a4aff05c7560e285aa3f42e23096bfe0211dc549345f9a5feb94",
    "https://cdn.skypack.dev/-/lodash@v4.17.21-K6GEbP02mWFnLA45zAmi/dist=es2019,mode=imports/optimized/lodash.js": "10c4df47937ffc78548d136dd535a021df5f57182a653260d715c0690dd22978",
    "https://cdn.skypack.dev/lodash@4.17.21": "8280de0b3efd87f06ea0eb330d15b8de32c059556023b8c6524e9eb9e4844dc0",
    "https://deno.land/std@0.152.0/_deno_unstable.ts": "be3276fd42cffb49f51b705c4b0aa8656aaf2a34be22d769455c8e50ea38e51a",
    "https://deno.land/std@0.152.0/_util/assert.ts": "e94f2eb37cebd7f199952e242c77654e43333c1ac4c5c700e929ea3aa5489f74",
    "https://deno.land/std@0.152.0/_util/os.ts": "3b4c6e27febd119d36a416d7a97bd3b0251b77c88942c8f16ee5953ea13e2e49",
    "https://deno.land/std@0.152.0/async/abortable.ts": "87aa7230be8360c24ad437212311c9e8d4328854baec27b4c7abb26e85515c06",
    "https://deno.land/std@0.152.0/async/deadline.ts": "48ac998d7564969f3e6ec6b6f9bf0217ebd00239b1b2292feba61272d5dd58d0",
    "https://deno.land/std@0.152.0/async/debounce.ts": "564273ef242bcfcda19a439132f940db8694173abffc159ea34f07d18fc42620",
    "https://deno.land/std@0.152.0/async/deferred.ts": "bc18e28108252c9f67dfca2bbc4587c3cbf3aeb6e155f8c864ca8ecff992b98a",
    "https://deno.land/std@0.152.0/async/delay.ts": "cbbdf1c87d1aed8edc7bae13592fb3e27e3106e0748f089c263390d4f49e5f6c",
    "https://deno.land/std@0.152.0/async/mod.ts": "dd0a8ed4f3984ffabe2fcca7c9f466b7932d57b1864ffee148a5d5388316db6b",
    "https://deno.land/std@0.152.0/async/mux_async_iterator.ts": "5b4aca6781ad0f2e19ccdf1d1a1c092ccd3e00d52050d9c27c772658c8367256",
    "https://deno.land/std@0.152.0/async/pool.ts": "ef9eb97b388543acbf0ac32647121e4dbe629236899586c4d4311a8770fbb239",
    "https://deno.land/std@0.152.0/async/tee.ts": "bcfae0017ebb718cf4eef9e2420e8675d91cb1bcc0ed9b668681af6e6caad846",
    "https://deno.land/std@0.152.0/bytes/bytes_list.ts": "aba5e2369e77d426b10af1de0dcc4531acecec27f9b9056f4f7bfbf8ac147ab4",
    "https://deno.land/std@0.152.0/bytes/equals.ts": "3c3558c3ae85526f84510aa2b48ab2ad7bdd899e2e0f5b7a8ffc85acb3a6043a",
    "https://deno.land/std@0.152.0/bytes/mod.ts": "763f97d33051cc3f28af1a688dfe2830841192a9fea0cbaa55f927b49d49d0bf",
    "https://deno.land/std@0.152.0/crypto/timing_safe_equal.ts": "82a29b737bc8932d75d7a20c404136089d5d23629e94ba14efa98a8cc066c73e",
    "https://deno.land/std@0.152.0/encoding/base64.ts": "c57868ca7fa2fbe919f57f88a623ad34e3d970d675bdc1ff3a9d02bba7409db2",
    "https://deno.land/std@0.152.0/encoding/base64url.ts": "a5f82a9fa703bd85a5eb8e7c1296bc6529e601ebd9642cc2b5eaa6b38fa9e05a",
    "https://deno.land/std@0.152.0/flags/mod.ts": "34bb4148ad1cbdf1e3d20e1541f36c8a5b47205e3a5ee4e62a71eab89215011b",
    "https://deno.land/std@0.152.0/fmt/colors.ts": "6f9340b7fb8cc25a993a99e5efc56fe81bb5af284ff412129dd06df06f53c0b4",
    "https://deno.land/std@0.152.0/fmt/printf.ts": "299987dca9b17dc6408488c5f137560c7a9cb738b1d9e0b969dcd507bedaf506",
    "https://deno.land/std@0.152.0/io/buffer.ts": "bd0c4bf53db4b4be916ca5963e454bddfd3fcd45039041ea161dbf826817822b",
    "https://deno.land/std@0.152.0/io/types.d.ts": "0cae3a62da7a37043661746c65c021058bae020b54e50c0e774916e5d4baee43",
    "https://deno.land/std@0.152.0/node/_buffer.d.ts": "90f674081428a61978b6d481c5f557ff743a3f4a85d7ae113caab48fdf5b8a63",
    "https://deno.land/std@0.152.0/node/_buffer.mjs": "4e3e6b0f0613300340705a99a1998c655ba22bf08644c49df21f4aaa44e951d0",
    "https://deno.land/std@0.152.0/node/_core.ts": "83860ad91022fe1ed759acc3f012dd7e2a4258bd4ee7eab8332110cba0d0be10",
    "https://deno.land/std@0.152.0/node/_events.d.ts": "5b6d1a7931eb692d3b64018e7a3f57310284d3bf467aa2e6371c65bb626c1859",
    "https://deno.land/std@0.152.0/node/_events.mjs": "a87d6bc0e2a139ce1bb89e56fe36969dc960c1af70b6d5fafaab8782659c57a0",
    "https://deno.land/std@0.152.0/node/_global.d.ts": "6dadaf8cec2a0c506b22170617286e0bdc80be53dd0673e67fc7dd37a1130c68",
    "https://deno.land/std@0.152.0/node/_next_tick.ts": "ec6772f13b0b78edd1b679502501210abdcdd5b170aa6b90ec28dfd67dcd30ae",
    "https://deno.land/std@0.152.0/node/_process/exiting.ts": "bc9694769139ffc596f962087155a8bfef10101d03423b9dcbc51ce6e1f88fce",
    "https://deno.land/std@0.152.0/node/_process/process.ts": "71c22bd237ce970460dfd1e4f14aba42e6762febc31df9f3c505c3d7328b8232",
    "https://deno.land/std@0.152.0/node/_process/stdio.mjs": "971c3b086040d8521562155db13f22f9971d5c42c852b2081d4d2f0d8b6ab6bd",
    "https://deno.land/std@0.152.0/node/_process/streams.mjs": "da4dc14ad62a72d3efbaec6a660567a778653cb1b8d7a0d17fedba909574263d",
    "https://deno.land/std@0.152.0/node/_stream.d.ts": "379e9bbfc59aa8d768f067cc18286c44755255e7e7a1981f8ab6dabc0f3076b3",
    "https://deno.land/std@0.152.0/node/_stream.mjs": "07f6cbabaad0382fb4b9a25e70ac3093a44022b859247f64726746e6373f1c91",
    "https://deno.land/std@0.152.0/node/_util/_util_callbackify.ts": "79928ad80df3e469f7dcdb198118a7436d18a9f6c08bd7a4382332ad25a718cf",
    "https://deno.land/std@0.152.0/node/_utils.ts": "facb40140c9f1e6f23a047071a0d7e00f2be32afe5a7f063f7e55b1bd83f6488",
    "https://deno.land/std@0.152.0/node/buffer.ts": "0e4e409bc03754e99c3e9fbdd10ff50834fd5d6e8654f70efeff054afde58821",
    "https://deno.land/std@0.152.0/node/events.ts": "a1d40fc0dbccc944379ef968b80ea08f9fce579e88b5057fdb64e4f0812476dd",
    "https://deno.land/std@0.152.0/node/internal/blob.mjs": "52080b2f40b114203df67f8a6650f9fe3c653912b8b3ef2f31f029853df4db53",
    "https://deno.land/std@0.152.0/node/internal/buffer.mjs": "6662fe7fe517329453545be34cea27a24f8ccd6d09afd4f609f11ade2b6dfca7",
    "https://deno.land/std@0.152.0/node/internal/crypto/_keys.ts": "7f993ece8c8e94a292944518cf4173521c6bf01785e75be014cd45a9cc2e4ad5",
    "https://deno.land/std@0.152.0/node/internal/crypto/constants.ts": "d2c8821977aef55e4d66414d623c24a2447791a8b49b6404b8db32d81e20c315",
    "https://deno.land/std@0.152.0/node/internal/error_codes.ts": "ac03c4eae33de3a69d6c98e8678003207eecf75a6900eb847e3fea3c8c9e6d8f",
    "https://deno.land/std@0.152.0/node/internal/errors.ts": "129686370ff761e8f2aa55d9f56ab4112b4d29438b173462590647220dfb6bb2",
    "https://deno.land/std@0.152.0/node/internal/fixed_queue.ts": "455b3c484de48e810b13bdf95cd1658ecb1ba6bcb8b9315ffe994efcde3ba5f5",
    "https://deno.land/std@0.152.0/node/internal/hide_stack_frames.ts": "a91962ec84610bc7ec86022c4593cdf688156a5910c07b5bcd71994225c13a03",
    "https://deno.land/std@0.152.0/node/internal/net.ts": "1239886cd2508a68624c2dae8abf895e8aa3bb15a748955349f9ac5539032238",
    "https://deno.land/std@0.152.0/node/internal/normalize_encoding.mjs": "3779ec8a7adf5d963b0224f9b85d1bc974a2ec2db0e858396b5d3c2c92138a0a",
    "https://deno.land/std@0.152.0/node/internal/options.ts": "a23c285975e058cb26a19abcb048cd8b46ab12d21cfb028868ac8003fffb43ac",
    "https://deno.land/std@0.152.0/node/internal/process/per_thread.mjs": "bc1be72a6a662bf81573c20fe74893374847a7302065ddf52fb3fb2af505f31f",
    "https://deno.land/std@0.152.0/node/internal/readline/callbacks.mjs": "1aa7d97dbc10ed85474ca046518793cfe6490ec008aac875bb437ded32f9254e",
    "https://deno.land/std@0.152.0/node/internal/readline/utils.mjs": "a93ebb99f85e0dbb4f05f4aff5583d12a15150e45c335e4ecf925e1879dc9c84",
    "https://deno.land/std@0.152.0/node/internal/streams/_utils.ts": "77fceaa766679847e4d4c3c96b2573c00a790298d90551e8e4df1d5e0fdaad3b",
    "https://deno.land/std@0.152.0/node/internal/streams/add-abort-signal.mjs": "5623b83fa64d439cc4a1f09ae47ec1db29512cc03479389614d8f62a37902f5e",
    "https://deno.land/std@0.152.0/node/internal/streams/buffer_list.mjs": "c6a7b29204fae025ff5e9383332acaea5d44bc7c522a407a79b8f7a6bc6c312d",
    "https://deno.land/std@0.152.0/node/internal/streams/compose.mjs": "b522daab35a80ae62296012a4254fd7edfc0366080ffe63ddda4e38fe6b6803e",
    "https://deno.land/std@0.152.0/node/internal/streams/destroy.mjs": "9c9bbeb172a437041d529829f433df72cf0b63ae49f3ee6080a55ffbef7572ad",
    "https://deno.land/std@0.152.0/node/internal/streams/duplex.mjs": "9ee2cc5d6d23f9be3432a50a7bdd7a15408bac2bfbf9ccd7424342388be6150c",
    "https://deno.land/std@0.152.0/node/internal/streams/end-of-stream.mjs": "38be76eaceac231dfde643e72bc0940625446bf6d1dbd995c91c5ba9fd59b338",
    "https://deno.land/std@0.152.0/node/internal/streams/from.mjs": "134255c698ed63b33199911eb8e042f8f67e9682409bb11552e6120041ed1872",
    "https://deno.land/std@0.152.0/node/internal/streams/legacy.mjs": "6ea28db95d4503447473e62f0b23ff473bfe1751223c33a3c5816652e93b257a",
    "https://deno.land/std@0.152.0/node/internal/streams/passthrough.mjs": "a51074193b959f3103d94de41e23a78dfcff532bdba53af9146b86340d85eded",
    "https://deno.land/std@0.152.0/node/internal/streams/pipeline.mjs": "9890b121759ede869174ef70c011fde964ca94d81f2ed97b8622d7cb17b49285",
    "https://deno.land/std@0.152.0/node/internal/streams/readable.mjs": "d566a47ad3bbda2fbd9e9d77acec729b63813b2f31c7a229526f849619d3dc28",
    "https://deno.land/std@0.152.0/node/internal/streams/state.mjs": "9ef917392a9d8005a6e038260c5fd31518d2753aea0bc9e39824c199310434cb",
    "https://deno.land/std@0.152.0/node/internal/streams/transform.mjs": "3b361abad2ac78f7ccb6f305012bafdc0e983dfa4bb6ecddb4626e34a781a5f5",
    "https://deno.land/std@0.152.0/node/internal/streams/utils.mjs": "06c21d0db0d51f1bf1e3225a661c3c29909be80355d268e64ee5922fc5eb6c5e",
    "https://deno.land/std@0.152.0/node/internal/streams/writable.mjs": "5133c66237bf31043aec98092d1589a14483077424bba862511846e9287d2eae",
    "https://deno.land/std@0.152.0/node/internal/util.mjs": "98b26aa4eb6ca70fe6c140eb296759cea54fe1b46a87a91288073dbc88d46eb0",
    "https://deno.land/std@0.152.0/node/internal/util/comparisons.ts": "666e75e01a85b5d3410e43625ab9fc165811439aa1298c14054acb64b670dc48",
    "https://deno.land/std@0.152.0/node/internal/util/debuglog.ts": "6f12a764f5379e9d2675395d15d2fb48bd7376921ef64006ffb022fc7f44ab82",
    "https://deno.land/std@0.152.0/node/internal/util/inspect.mjs": "1ddace0c97719d2cc0869ba177d375e96051301352ec235cbfb2ecbfcd4e8fba",
    "https://deno.land/std@0.152.0/node/internal/util/types.ts": "bc2d35582946525f6068b678bb798e2a10298fefeefd3cb9b85f6bdc9014da16",
    "https://deno.land/std@0.152.0/node/internal/validators.mjs": "a7e82eafb7deb85c332d5f8d9ffef052f46a42d4a121eada4a54232451acc49a",
    "https://deno.land/std@0.152.0/node/internal_binding/_libuv_winerror.ts": "801e05c2742ae6cd42a5f0fd555a255a7308a65732551e962e5345f55eedc519",
    "https://deno.land/std@0.152.0/node/internal_binding/_listen.ts": "c15a356ef4758770fc72d3ca4db33f0cc321016df1aafb927c027c0d73ac2c42",
    "https://deno.land/std@0.152.0/node/internal_binding/_node.ts": "e4075ba8a37aef4eb5b592c8e3807c39cb49ca8653faf8e01a43421938076c1b",
    "https://deno.land/std@0.152.0/node/internal_binding/_timingSafeEqual.ts": "80640f055101071cb3680a2d8a1fead5fd260ca8bf183efb94296b69463e06cd",
    "https://deno.land/std@0.152.0/node/internal_binding/_utils.ts": "1c50883b5751a9ea1b38951e62ed63bacfdc9d69ea665292edfa28e1b1c5bd94",
    "https://deno.land/std@0.152.0/node/internal_binding/_winerror.ts": "8811d4be66f918c165370b619259c1f35e8c3e458b8539db64c704fbde0a7cd2",
    "https://deno.land/std@0.152.0/node/internal_binding/ares.ts": "33ff8275bc11751219af8bd149ea221c442d7e8676e3e9f20ccb0e1f0aac61b8",
    "https://deno.land/std@0.152.0/node/internal_binding/async_wrap.ts": "b83e4021a4854b2e13720f96d21edc11f9905251c64c1bc625a361f574400959",
    "https://deno.land/std@0.152.0/node/internal_binding/buffer.ts": "781e1d13adc924864e6e37ecb5152e8a4e994cf394695136e451c47f00bda76c",
    "https://deno.land/std@0.152.0/node/internal_binding/cares_wrap.ts": "17ff0dd7dbf77e835a7b8fa5361efd26c0b3d610cba2641e0b613a572ebab412",
    "https://deno.land/std@0.152.0/node/internal_binding/config.ts": "e292217d048a33573966b7d25352828d3282921fbcadce8735a20fb3da370cc4",
    "https://deno.land/std@0.152.0/node/internal_binding/connection_wrap.ts": "0380444ee94d5bd7b0b09921223d16729c9762a94e80b7f51eda49c7f42e6d0a",
    "https://deno.land/std@0.152.0/node/internal_binding/constants.ts": "f4afc504137fb21f3908ab549931604968dfa62432b285a0874f41c4cade9ed2",
    "https://deno.land/std@0.152.0/node/internal_binding/contextify.ts": "e292217d048a33573966b7d25352828d3282921fbcadce8735a20fb3da370cc4",
    "https://deno.land/std@0.152.0/node/internal_binding/credentials.ts": "e292217d048a33573966b7d25352828d3282921fbcadce8735a20fb3da370cc4",
    "https://deno.land/std@0.152.0/node/internal_binding/crypto.ts": "33344221de729bfb06f4953ed9d68efbb7e6412e60ff212883680b4bf08c011f",
    "https://deno.land/std@0.152.0/node/internal_binding/errors.ts": "e292217d048a33573966b7d25352828d3282921fbcadce8735a20fb3da370cc4",
    "https://deno.land/std@0.152.0/node/internal_binding/fs.ts": "e292217d048a33573966b7d25352828d3282921fbcadce8735a20fb3da370cc4",
    "https://deno.land/std@0.152.0/node/internal_binding/fs_dir.ts": "e292217d048a33573966b7d25352828d3282921fbcadce8735a20fb3da370cc4",
    "https://deno.land/std@0.152.0/node/internal_binding/fs_event_wrap.ts": "e292217d048a33573966b7d25352828d3282921fbcadce8735a20fb3da370cc4",
    "https://deno.land/std@0.152.0/node/internal_binding/handle_wrap.ts": "eadbeea68deee9768b50f8f797738a088e8a7a1c9aa7d092c955faeacac53d58",
    "https://deno.land/std@0.152.0/node/internal_binding/heap_utils.ts": "e292217d048a33573966b7d25352828d3282921fbcadce8735a20fb3da370cc4",
    "https://deno.land/std@0.152.0/node/internal_binding/http_parser.ts": "e292217d048a33573966b7d25352828d3282921fbcadce8735a20fb3da370cc4",
    "https://deno.land/std@0.152.0/node/internal_binding/icu.ts": "e292217d048a33573966b7d25352828d3282921fbcadce8735a20fb3da370cc4",
    "https://deno.land/std@0.152.0/node/internal_binding/inspector.ts": "e292217d048a33573966b7d25352828d3282921fbcadce8735a20fb3da370cc4",
    "https://deno.land/std@0.152.0/node/internal_binding/js_stream.ts": "e292217d048a33573966b7d25352828d3282921fbcadce8735a20fb3da370cc4",
    "https://deno.land/std@0.152.0/node/internal_binding/messaging.ts": "e292217d048a33573966b7d25352828d3282921fbcadce8735a20fb3da370cc4",
    "https://deno.land/std@0.152.0/node/internal_binding/mod.ts": "f68e74e8eed84eaa6b0de24f0f4c47735ed46866d7ee1c5a5e7c0667b4f0540f",
    "https://deno.land/std@0.152.0/node/internal_binding/module_wrap.ts": "e292217d048a33573966b7d25352828d3282921fbcadce8735a20fb3da370cc4",
    "https://deno.land/std@0.152.0/node/internal_binding/native_module.ts": "e292217d048a33573966b7d25352828d3282921fbcadce8735a20fb3da370cc4",
    "https://deno.land/std@0.152.0/node/internal_binding/natives.ts": "e292217d048a33573966b7d25352828d3282921fbcadce8735a20fb3da370cc4",
    "https://deno.land/std@0.152.0/node/internal_binding/node_file.ts": "c96ee0b2af319a3916de950a6c4b0d5fb00d09395c51cd239c54d95d62567aaf",
    "https://deno.land/std@0.152.0/node/internal_binding/node_options.ts": "3cd5706153d28a4f5944b8b162c1c61b7b8e368a448fb1a2cff9f7957d3db360",
    "https://deno.land/std@0.152.0/node/internal_binding/options.ts": "e292217d048a33573966b7d25352828d3282921fbcadce8735a20fb3da370cc4",
    "https://deno.land/std@0.152.0/node/internal_binding/os.ts": "e292217d048a33573966b7d25352828d3282921fbcadce8735a20fb3da370cc4",
    "https://deno.land/std@0.152.0/node/internal_binding/performance.ts": "e292217d048a33573966b7d25352828d3282921fbcadce8735a20fb3da370cc4",
    "https://deno.land/std@0.152.0/node/internal_binding/pipe_wrap.ts": "792e3bbcbdb7ce3b51a430a85331a90408113160739d72d050ab243714219430",
    "https://deno.land/std@0.152.0/node/internal_binding/process_methods.ts": "e292217d048a33573966b7d25352828d3282921fbcadce8735a20fb3da370cc4",
    "https://deno.land/std@0.152.0/node/internal_binding/report.ts": "e292217d048a33573966b7d25352828d3282921fbcadce8735a20fb3da370cc4",
    "https://deno.land/std@0.152.0/node/internal_binding/serdes.ts": "e292217d048a33573966b7d25352828d3282921fbcadce8735a20fb3da370cc4",
    "https://deno.land/std@0.152.0/node/internal_binding/signal_wrap.ts": "e292217d048a33573966b7d25352828d3282921fbcadce8735a20fb3da370cc4",
    "https://deno.land/std@0.152.0/node/internal_binding/spawn_sync.ts": "e292217d048a33573966b7d25352828d3282921fbcadce8735a20fb3da370cc4",
    "https://deno.land/std@0.152.0/node/internal_binding/stream_wrap.ts": "7a418a7c57bbfb642a111753c98e9cdfcd4aafa5aec4b48be1dbd62e08c2d9a7",
    "https://deno.land/std@0.152.0/node/internal_binding/string_decoder.ts": "5cb1863763d1e9b458bc21d6f976f16d9c18b3b3f57eaf0ade120aee38fba227",
    "https://deno.land/std@0.152.0/node/internal_binding/symbols.ts": "51cfca9bb6132d42071d4e9e6b68a340a7f274041cfcba3ad02900886e972a6c",
    "https://deno.land/std@0.152.0/node/internal_binding/task_queue.ts": "e292217d048a33573966b7d25352828d3282921fbcadce8735a20fb3da370cc4",
    "https://deno.land/std@0.152.0/node/internal_binding/tcp_wrap.ts": "dc30a903d7589dc82b8056a473b0318ecf3262e5c9e5974375fee8548b847056",
    "https://deno.land/std@0.152.0/node/internal_binding/timers.ts": "e292217d048a33573966b7d25352828d3282921fbcadce8735a20fb3da370cc4",
    "https://deno.land/std@0.152.0/node/internal_binding/tls_wrap.ts": "e292217d048a33573966b7d25352828d3282921fbcadce8735a20fb3da370cc4",
    "https://deno.land/std@0.152.0/node/internal_binding/trace_events.ts": "e292217d048a33573966b7d25352828d3282921fbcadce8735a20fb3da370cc4",
    "https://deno.land/std@0.152.0/node/internal_binding/tty_wrap.ts": "e292217d048a33573966b7d25352828d3282921fbcadce8735a20fb3da370cc4",
    "https://deno.land/std@0.152.0/node/internal_binding/types.ts": "4c26fb74ba2e45de553c15014c916df6789529a93171e450d5afb016b4c765e7",
    "https://deno.land/std@0.152.0/node/internal_binding/udp_wrap.ts": "74ef0ac9bd1e4ad2f2f470edf25a805f9dc7250cd7aaea43116a959da9134590",
    "https://deno.land/std@0.152.0/node/internal_binding/url.ts": "e292217d048a33573966b7d25352828d3282921fbcadce8735a20fb3da370cc4",
    "https://deno.land/std@0.152.0/node/internal_binding/util.ts": "faf5146c3cc3b2d6c26026a818b4a16e91488ab26e63c069f36ba3c3ae24c97b",
    "https://deno.land/std@0.152.0/node/internal_binding/uv.ts": "aa1db842936e77654522d9136bb2ae191bf334423f58962a8a7404b6635b5b49",
    "https://deno.land/std@0.152.0/node/internal_binding/v8.ts": "e292217d048a33573966b7d25352828d3282921fbcadce8735a20fb3da370cc4",
    "https://deno.land/std@0.152.0/node/internal_binding/worker.ts": "e292217d048a33573966b7d25352828d3282921fbcadce8735a20fb3da370cc4",
    "https://deno.land/std@0.152.0/node/internal_binding/zlib.ts": "e292217d048a33573966b7d25352828d3282921fbcadce8735a20fb3da370cc4",
    "https://deno.land/std@0.152.0/node/process.ts": "92c89735072d9b851a23d449d1f0eb4729248a0ef2633588fb4686e62ec16674",
    "https://deno.land/std@0.152.0/node/stream.ts": "d127faa074a9e3886e4a01dcfe9f9a6a4b5641f76f6acc356e8ded7da5dc2c81",
    "https://deno.land/std@0.152.0/node/stream/promises.mjs": "b263c09f2d6bd715dc514fab3f99cca84f442e2d23e87adbe76e32ea46fc87e6",
    "https://deno.land/std@0.152.0/node/string_decoder.ts": "51ce85a173d2e36ac580d418bb48b804adb41732fc8bd85f7d5d27b7accbc61f",
    "https://deno.land/std@0.152.0/node/util.ts": "63041c2ff43bdad393dacc710cbfabe0a9eead13353bc0f222c46e1dd4035b6a",
    "https://deno.land/std@0.152.0/node/util/types.ts": "5948b43e834f73a4becf85b02049632560c65da9c1127e5c533c83d200d3dfcd",
    "https://deno.land/std@0.152.0/path/_constants.ts": "df1db3ffa6dd6d1252cc9617e5d72165cd2483df90e93833e13580687b6083c3",
    "https://deno.land/std@0.152.0/path/_interface.ts": "ee3b431a336b80cf445441109d089b70d87d5e248f4f90ff906820889ecf8d09",
    "https://deno.land/std@0.152.0/path/_util.ts": "c1e9686d0164e29f7d880b2158971d805b6e0efc3110d0b3e24e4b8af2190d2b",
    "https://deno.land/std@0.152.0/path/common.ts": "bee563630abd2d97f99d83c96c2fa0cca7cee103e8cb4e7699ec4d5db7bd2633",
    "https://deno.land/std@0.152.0/path/glob.ts": "cb5255638de1048973c3e69e420c77dc04f75755524cb3b2e160fe9277d939ee",
    "https://deno.land/std@0.152.0/path/mod.ts": "56fec03ad0ebd61b6ab39ddb9b0ddb4c4a5c9f2f4f632e09dd37ec9ebfd722ac",
    "https://deno.land/std@0.152.0/path/posix.ts": "c1f7afe274290ea0b51da07ee205653b2964bd74909a82deb07b69a6cc383aaa",
    "https://deno.land/std@0.152.0/path/separator.ts": "fe1816cb765a8068afb3e8f13ad272351c85cbc739af56dacfc7d93d710fe0f9",
    "https://deno.land/std@0.152.0/path/win32.ts": "bd7549042e37879c68ff2f8576a25950abbfca1d696d41d82c7bca0b7e6f452c",
    "https://deno.land/std@0.152.0/streams/conversion.ts": "fc3db02026183da795fa32ac7549868e9f19c75ba029d4b4c3739af62b48517a",
    "https://deno.land/std@0.152.0/testing/_diff.ts": "029a00560b0d534bc0046f1bce4bd36b3b41ada3f2a3178c85686eb2ff5f1413",
    "https://deno.land/std@0.152.0/testing/_format.ts": "0d8dc79eab15b67cdc532826213bbe05bccfd276ca473a50a3fc7bbfb7260642",
    "https://deno.land/std@0.152.0/testing/asserts.ts": "093735c88f52bbead7f60a1f7a97a2ce4df3c2d5fab00a46956f20b4a5793ccd",
    "https://deno.land/std@0.92.0/_util/assert.ts": "2f868145a042a11d5ad0a3c748dcf580add8a0dbc0e876eaa0026303a5488f58",
    "https://deno.land/std@0.92.0/_util/os.ts": "e282950a0eaa96760c0cf11e7463e66babd15ec9157d4c9ed49cc0925686f6a7",
    "https://deno.land/std@0.92.0/bytes/mod.ts": "1ae1ccfe98c4b979f12b015982c7444f81fcb921bea7aa215bf37d84f46e1e13",
    "https://deno.land/std@0.92.0/encoding/csv.ts": "e01be5287e7aa9c6ff0caf9acf1bc19b8040ef539bfad9089cc366a94e64780d",
    "https://deno.land/std@0.92.0/encoding/csv_stringify.ts": "f9fe4889f1b2987c8640b4695d2d8836a978d034708ca90a850d3ec6b800d9ba",
    "https://deno.land/std@0.92.0/fs/_util.ts": "f2ce811350236ea8c28450ed822a5f42a0892316515b1cd61321dec13569c56b",
    "https://deno.land/std@0.92.0/fs/copy.ts": "acc21e2569c92e715be48f40665a299cb995a4dce04145c3dd624791b885114c",
    "https://deno.land/std@0.92.0/fs/empty_dir.ts": "2edd70ff6405e1893e781a82aec8c574dfc748a7bb9d9ce8f0abdf002cdbba3f",
    "https://deno.land/std@0.92.0/fs/ensure_dir.ts": "f21262e788a707aaa2dd22064da7cd40e3b2f0f067e9b2aed1b288091170cc05",
    "https://deno.land/std@0.92.0/fs/ensure_file.ts": "84c7cff81ecedef3969e3fcd2d0c2aecd9bafea246cd18847deba7a54126134f",
    "https://deno.land/std@0.92.0/fs/ensure_link.ts": "e48abe5bf639389ee6f42bb8bdd8b7b2a4c93701cd618b12cdcad83ccea44f2e",
    "https://deno.land/std@0.92.0/fs/ensure_symlink.ts": "cbb2c908135808c0545c6304046b6ab5c024b0bb1832e69c819b58d9feee66ef",
    "https://deno.land/std@0.92.0/fs/eol.ts": "afaebaaac36f48c423b920c836551997715672b80a0fee9aa7667c181a94f2df",
    "https://deno.land/std@0.92.0/fs/exists.ts": "b0d2e31654819cc2a8d37df45d6b14686c0cc1d802e9ff09e902a63e98b85a00",
    "https://deno.land/std@0.92.0/fs/expand_glob.ts": "b5a8fcadf40eb7b034a1f807349cbace0ddb28c4e5a6b6aaf2d8ca925ba02f9f",
    "https://deno.land/std@0.92.0/fs/mod.ts": "26eee4b52a8c516e37d464094b080ff6822883e7f01ff0ba0a72b8dcd54b9927",
    "https://deno.land/std@0.92.0/fs/move.ts": "36697916a5cf2ebc7d298089a9a3ccc6b3af1eaecc173e57a9f5eb10f1f04221",
    "https://deno.land/std@0.92.0/fs/walk.ts": "8d37f2164a7397668842a7cb5d53b9e7bcd216462623b1b96abe519f76d7f8b9",
    "https://deno.land/std@0.92.0/io/buffer.ts": "2a92f02c1d8daaebaf13e5678ea5969c89f4fab533f687b9e7e86f49f11c3118",
    "https://deno.land/std@0.92.0/io/bufio.ts": "4053ea5d978479be68ae4d73424045a59c6b7a6e8f66727e4bfde516baa07126",
    "https://deno.land/std@0.92.0/io/readers.ts": "17403919724fef2f343c88555606368868a5c752a1099ad801f6a381c170f62d",
    "https://deno.land/std@0.92.0/io/util.ts": "03ca10e063afce551c501505c607ec336a40b9cb72363f5508e2a9ac81096bbf",
    "https://deno.land/std@0.92.0/path/_constants.ts": "1247fee4a79b70c89f23499691ef169b41b6ccf01887a0abd131009c5581b853",
    "https://deno.land/std@0.92.0/path/_interface.ts": "1fa73b02aaa24867e481a48492b44f2598cd9dfa513c7b34001437007d3642e4",
    "https://deno.land/std@0.92.0/path/_util.ts": "2e06a3b9e79beaf62687196bd4b60a4c391d862cfa007a20fc3a39f778ba073b",
    "https://deno.land/std@0.92.0/path/common.ts": "eaf03d08b569e8a87e674e4e265e099f237472b6fd135b3cbeae5827035ea14a",
    "https://deno.land/std@0.92.0/path/glob.ts": "4a524c1c9da3e79a9fdabdc6e850cd9e41bdf31e442856ffa19c5b123268ca95",
    "https://deno.land/std@0.92.0/path/mod.ts": "4465dc494f271b02569edbb4a18d727063b5dbd6ed84283ff906260970a15d12",
    "https://deno.land/std@0.92.0/path/posix.ts": "f56c3c99feb47f30a40ce9d252ef6f00296fa7c0fcb6dd81211bdb3b8b99ca3b",
    "https://deno.land/std@0.92.0/path/separator.ts": "8fdcf289b1b76fd726a508f57d3370ca029ae6976fcde5044007f062e643ff1c",
    "https://deno.land/std@0.92.0/path/win32.ts": "77f7b3604e0de40f3a7c698e8a79e7f601dc187035a1c21cb1e596666ce112f8",
    "https://deno.land/std@0.92.0/textproto/mod.ts": "1c89b39a079dd158893ab2e9ff79391c66049433d6ca82da7d64b32280570d51",
    "https://deno.land/x/dotenv@v3.2.0/load.ts": "cbd76a0aee01aad8d09222afaa1dd04b84d9d3e44637503b01bf77a91df9e041",
    "https://deno.land/x/dotenv@v3.2.0/mod.ts": "077b48773de9205266a0b44c3c3a3c3083449ed64bb0b6cc461b95720678d38e",
    "https://deno.land/x/dotenv@v3.2.0/util.ts": "693730877b13f8ead2b79b2aa31e2a0652862f7dc0c5f6d2f313f4d39c7b7670",
    "https://deno.land/x/flat@0.0.15/mod.ts": "02f929b6f2b5caab86dc689eb2937565189432b6b6f22bcd8c05b26c80c7f645",
    "https://deno.land/x/flat@0.0.15/src/csv.ts": "7b14709fd91a1e0d9153e6ea183df686ca5a6c9b79da317d15cb3efd50fffd9c",
    "https://deno.land/x/flat@0.0.15/src/image.ts": "fab91c85f7c63bdd03a0d0ab64e9aaecc20e3213b3781b67f237eb7a9ab7303c",
    "https://deno.land/x/flat@0.0.15/src/json.ts": "34ad4b9c89e70955da0e76fcb525f75262175da03815e0887faa19a6fc64ee65",
    "https://deno.land/x/flat@0.0.15/src/remove.ts": "8340e9c9566200db969c6efa76430400060d78aa28f35e585c511d2eb5a9768a",
    "https://deno.land/x/flat@0.0.15/src/txt.ts": "cece94e45879ead929131cdaeac023192ef9089ec76a81b7e057a10df3ea7511",
    "https://deno.land/x/flat@0.0.15/src/xlsx.ts": "166776a70109789becffb1d77f88ec85d2ce115759ff0fc578dbfa66db5faf4a",
    "https://deno.land/x/flat@0.0.15/src/zip.ts": "5b8e27106c08751889d627fbbea71bd99f802472c4e9fe9cd9f88dcee9752bd8",
    "https://deno.land/x/sheetjs@v0.18.3/dist/cpexcel.full.mjs": "7a7bba23b6b6f23b5c69fbb631f78d1d455f74b57e4aa54e9a2f81a8ab844964",
    "https://deno.land/x/sheetjs@v0.18.3/types/index.d.ts": "c146e03d4e5427a43ffa7ea7f7e40dbce2b936580e24c884eaada77ca4c4c5ed",
    "https://deno.land/x/sheetjs@v0.18.3/xlsx.mjs": "922b8ca90825111d3af3a19098613d53ac4721ac58d05c0ac25fbdf9def2472f",
    "https://deno.land/x/url_join@1.0.0/mod.ts": "d3c7007e3ab15594e54d5b90dce623b3e274a726e0cdf57858e7ecab77a0166c",
    "https://esm.sh/@citation-js/core@0.5.7": "0b750f5cd95f850ccace17031f899ecff1f4b0b2faaba8b2958786866071119e",
    "https://esm.sh/@citation-js/date@0.5.1": "58377a7b8b9823ac0b729d518de2e13500c75d129f770da626d0a164f06d0665",
    "https://esm.sh/@citation-js/name@0.4.2": "e0307fc253e52784d5ed390acfaf7ae4ccc000bb109f6491b54364531bb4e61e",
    "https://esm.sh/v92/@citation-js/core@0.5.7/deno/core.js": "54d231ff4d7c87b9c2d887c0082af0cd77ff22319a6bef52c511f1ef09d7c99b",
    "https://esm.sh/v92/@citation-js/date@0.5.1/deno/date.js": "c77ddf4b353bc02355c6979d89ed8e8c074b58ba652cf11655b81d957e67cfe8",
    "https://esm.sh/v92/@citation-js/name@0.4.2/deno/name.js": "74d699aa90b189de4a79c36b2edae736ccf0c153de19c8d531f1fba2b70a5ee8",
    "https://esm.sh/v92/isomorphic-fetch@3.0.0/deno/isomorphic-fetch.js": "49d2ebf58187aae22f5850137a6556912766654fcec5fdd4f15047656d4ad192",
    "https://esm.sh/v92/node_buffer.js": "445d389cb8c9f9fad5ff869ca2c2a863d178d410795ebd5f2f39d9a029156d56",
    "https://esm.sh/v92/sync-fetch@0.3.1/deno/sync-fetch.js": "50e963894eaea972846b34222a24b552a71c505a9df9b6d7d208a3ee91746799",
    "https://esm.sh/v92/whatwg-fetch@3.6.2/deno/whatwg-fetch.js": "d0c35cd22be6c5aed0db864a94ea7396b9186321d948981a946926edf928450e",
    "https://esm.sh/v92/wikibase-sdk@8.0.3/deno/wikibase-sdk.js": "6db0eb333384adfc536035373f060c1e1e95e8d1467ee7721a23d790bd4a31d0",
    "https://esm.sh/v92/wikidata-sdk@8.0.3/deno/wikidata-sdk.js": "1dd4153656c6d4b81e7a83155eb87e2016d46ced6f726c5ed29335cf18bb06ab",
    "https://esm.sh/v96/@types/node@16.11.62/events.d.ts": "9450c6512ba041de30602c557cb0f699718662006f39652d9b3ccd2ffd890f4f",
    "https://esm.sh/v96/node.ns.d.ts": "0fb081f0cd2150931bd54baa04f31466abd9ca701fd9060d07931402cf8367ba",
    "https://esm.sh/v96/xmlbuilder2@3.0.2/deno/xmlbuilder2.js": "aa340140a4bde0d6b591c6ea046dc70ea2b414a1e5f6568cda922e58ebfb4628",
    "https://esm.sh/v96/xmlbuilder2@3.0.2/lib/builder/BuilderFunctions.d.ts": "7e8a63b5234c08a751adff99c45d7026b11f9909dbfa9de0a823be3ca676a597",
    "https://esm.sh/v96/xmlbuilder2@3.0.2/lib/builder/BuilderFunctionsCB.d.ts": "4599f6b725ee4f28ab2ea6f20f3a004c25932a56c88c33eb291475ebe3a1a3af",
    "https://esm.sh/v96/xmlbuilder2@3.0.2/lib/builder/XMLBuilderCBImpl.d.ts": "db1ead20b59ea0b20d010695d551bd9f11e6f3bb05a509f41d7ccd8769efb530",
    "https://esm.sh/v96/xmlbuilder2@3.0.2/lib/builder/XMLBuilderImpl.d.ts": "2fe2db7357a115f4bde3a9f3600ec6a97468802a57e19b6da1a6f34ac30baa05",
    "https://esm.sh/v96/xmlbuilder2@3.0.2/lib/builder/index.d.ts": "6ecc1e656bf9526972508e32a83e0844a472ca1000edbe06665926731ec6d4a6",
    "https://esm.sh/v96/xmlbuilder2@3.0.2/lib/index.d.ts": "106ecabd7e3b713982b6d3003f4ffbb0a650a537359ab090e1ffed87ac67560d",
    "https://esm.sh/v96/xmlbuilder2@3.0.2/lib/interfaces.d.ts": "bbacb82817b141d94a52e4a99629e96e864aed7f840dd03ecc16e43c68e2c35a",
    "https://esm.sh/wikidata-sdk@8.0.3": "fbdc38307d8db190d683755606a7be964471e55f79ac86e52e0374951fa6211e",
    "https://esm.sh/xmlbuilder2@3.0.2": "c3b96e51fc90391f0c20125466e724361f6b883051b18b577dd198a818ab050b",
    "https://raw.githubusercontent.com/InvasionBiologyHypotheses/citation-js-plugin/main/src/index.js": "324cc1c2e85d37856b4728a0f2c7c8a66aa5faf9b903fee893f0f8ae390ef1f6",
    "https://raw.githubusercontent.com/InvasionBiologyHypotheses/citation-js-plugin/main/src/input/api.js": "a015d69579742e7e4679181e1ac6ed0fb164f29a86f3dc547f2b126444200124",
    "https://raw.githubusercontent.com/InvasionBiologyHypotheses/citation-js-plugin/main/src/input/config.json": "3f132bb056db64b78776ad2221e9552d27e80b4f950d388bbb173132d4efed73",
    "https://raw.githubusercontent.com/InvasionBiologyHypotheses/citation-js-plugin/main/src/input/entity.js": "ac3ab43b4882658e6b9717b3efc241e70ad5c9ab61e740e639061e8c92c07914",
    "https://raw.githubusercontent.com/InvasionBiologyHypotheses/citation-js-plugin/main/src/input/id.js": "b5592d7418969a7d869b0e43325057b7043148ffad15b483b6207dcaa9505e36",
    "https://raw.githubusercontent.com/InvasionBiologyHypotheses/citation-js-plugin/main/src/input/ignoredProps.json": "6f4a6a25b5d07c1a210e41ea8a4d98d3f2c8ed90c553e7e9c93fcca2dc745135",
    "https://raw.githubusercontent.com/InvasionBiologyHypotheses/citation-js-plugin/main/src/input/index.js": "530b18db87a94df44984512657d82788bb082391fe14481a8117bdb5460a1742",
    "https://raw.githubusercontent.com/InvasionBiologyHypotheses/citation-js-plugin/main/src/input/prop.js": "f933ec355192aa2ef3d86bbc4d81e91fa70a8b225ab95e5975365f87cac4e2d5",
    "https://raw.githubusercontent.com/InvasionBiologyHypotheses/citation-js-plugin/main/src/input/props.json": "61d0dc8b26bdbaaa6dce82018e36444307a8073977a059f720b3a661e30e9aff",
    "https://raw.githubusercontent.com/InvasionBiologyHypotheses/citation-js-plugin/main/src/input/response.js": "150d62e849a2e1932266d2bfe095efa662100511d05e0dbb2d56a7e986a41e23",
    "https://raw.githubusercontent.com/InvasionBiologyHypotheses/citation-js-plugin/main/src/input/types.json": "65f60c35ed058370e8a5afba7b71e8b5060e899dc29d7f832be729eccbb1747f",
    "https://raw.githubusercontent.com/InvasionBiologyHypotheses/citation-js-plugin/main/src/input/url.js": "efe6509dafe9d0b08f8e7c19976c4fc3d9e0456f9d58e359aa73bcee128c87d9"
  }
}
